<?xml version="1.0" encoding="utf-8"?>
<Project ToolsVersion="4.0" xmlns="http://schemas.microsoft.com/developer/msbuild/2003">
  <ItemGroup>
    <Filter Include="Source Files">
      <UniqueIdentifier>{4FC737F1-C7A5-4376-A066-2A32D752A2FF}</UniqueIdentifier>
      <Extensions>cpp;c;cc;cxx;c++;cppm;ixx;def;odl;idl;hpj;bat;asm;asmx</Extensions>
    </Filter>
    <Filter Include="Header Files">
      <UniqueIdentifier>{93995380-89BD-4b04-88EB-625FBE52EBFB}</UniqueIdentifier>
      <Extensions>h;hh;hpp;hxx;h++;hm;inl;inc;ipp;xsd</Extensions>
    </Filter>
    <Filter Include="Resource Files">
      <UniqueIdentifier>{67DA6AB6-F800-4c08-8B7A-83BB121AAD01}</UniqueIdentifier>
      <Extensions>rc;ico;cur;bmp;dlg;rc2;rct;bin;rgs;gif;jpg;jpeg;jpe;resx;tiff;tif;png;wav;mfcribbon-ms</Extensions>
    </Filter>
  </ItemGroup>
  <ItemGroup>
    <ClCompile Include="D:\Currently_Studying\cpp\sql\Ex_Files_Using_SQL_with_Cplusplus\ExerciseFiles\Chap02\hello-sqlite3_version.cpp">
      <Filter>Source Files</Filter>
    </ClCompile>
    <ClCompile Include="D:\Currently_Studying\cpp\sql\sqlite-amalgamation-3380500\sqlite3.c">
      <Filter>Resource Files</Filter>
    </ClCompile>
    <ClCompile Include="D:\Currently_Studying\cpp\sql\Ex_Files_Using_SQL_with_Cplusplus\ExerciseFiles\Chap02\hello-sqlite_test.cpp">
      <Filter>Source Files</Filter>
    </ClCompile>
    <ClCompile Include="D:\Currently_Studying\cpp\sql\Ex_Files_Using_SQL_with_Cplusplus\ExerciseFiles\Chap02\db-query_test.cpp">
      <Filter>Source Files</Filter>
    </ClCompile>
    <ClCompile Include="D:\Currently_Studying\cpp\sql\Ex_Files_Using_SQL_with_Cplusplus\ExerciseFiles\Chap02\db-value_test.cpp">
      <Filter>Source Files</Filter>
    </ClCompile>
    <ClCompile Include="D:\Currently_Studying\cpp\sql\Ex_Files_Using_SQL_with_Cplusplus\ExerciseFiles\Chap02\db-prepare_test.cpp">
      <Filter>Source Files</Filter>
    </ClCompile>
    <ClCompile Include="D:\Currently_Studying\cpp\sql\Ex_Files_Using_SQL_with_Cplusplus\ExerciseFiles\Chap02\02-solution.cpp">
      <Filter>Source Files</Filter>
    </ClCompile>
    <ClCompile Include="D:\Currently_Studying\cpp\sql\Ex_Files_Using_SQL_with_Cplusplus\ExerciseFiles\Chap03\BWSQL.cpp">
      <Filter>Source Files</Filter>
    </ClCompile>
    <ClCompile Include="D:\Currently_Studying\cpp\sql\Ex_Files_Using_SQL_with_Cplusplus\ExerciseFiles\Chap03\bwsql-test.cpp">
      <Filter>Source Files</Filter>
    </ClCompile>
    <ClCompile Include="D:\Currently_Studying\cpp\sql\Ex_Files_Using_SQL_with_Cplusplus\ExerciseFiles\Chap03\BWCRUD.cpp">
      <Filter>Source Files</Filter>
    </ClCompile>
    <ClCompile Include="D:\Currently_Studying\cpp\sql\Ex_Files_Using_SQL_with_Cplusplus\ExerciseFiles\Chap03\bwcrud-test.cpp">
      <Filter>Source Files</Filter>
    </ClCompile>
  </ItemGroup>
  <ItemGroup>
    <ClInclude Include="D:\Currently_Studying\cpp\sql\sqlite-amalgamation-3380500\sqlite3.h">
      <Filter>Header Files</Filter>
    </ClInclude>
    <ClInclude Include="D:\Currently_Studying\cpp\sql\Ex_Files_Using_SQL_with_Cplusplus\ExerciseFiles\sqlite3\include\sqlcpp.h">
      <Filter>Header Files</Filter>
    </ClInclude>
    <ClInclude Include="D:\Currently_Studying\cpp\sql\Ex_Files_Using_SQL_with_Cplusplus\ExerciseFiles\Chap03\BWSQL.h">
      <Filter>Header Files</Filter>
    </ClInclude>
    <ClInclude Include="D:\Currently_Studying\cpp\sql\Ex_Files_Using_SQL_with_Cplusplus\ExerciseFiles\Chap03\BWCRUD.h">
      <Filter>Header Files</Filter>
    </ClInclude>
  </ItemGroup>
</Project>