<?xml version="1.0" encoding="utf-8"?>
<Project ToolsVersion="4.0" xmlns="http://schemas.microsoft.com/developer/msbuild/2003">
  <ItemGroup>
    <Filter Include="Source Files">
      <UniqueIdentifier>{4FC737F1-C7A5-4376-A066-2A32D752A2FF}</UniqueIdentifier>
      <Extensions>cpp;c;cc;cxx;c++;cppm;ixx;def;odl;idl;hpj;bat;asm;asmx</Extensions>
    </Filter>
    <Filter Include="Header Files">
      <UniqueIdentifier>{93995380-89BD-4b04-88EB-625FBE52EBFB}</UniqueIdentifier>
      <Extensions>h;hh;hpp;hxx;h++;hm;inl;inc;ipp;xsd</Extensions>
    </Filter>
    <Filter Include="Resource Files">
      <UniqueIdentifier>{67DA6AB6-F800-4c08-8B7A-83BB121AAD01}</UniqueIdentifier>
      <Extensions>rc;ico;cur;bmp;dlg;rc2;rct;bin;rgs;gif;jpg;jpeg;jpe;resx;tiff;tif;png;wav;mfcribbon-ms</Extensions>
    </Filter>
  </ItemGroup>
  <ItemGroup>
    <ClCompile Include="oop_practice_ex01_main.cpp">
      <Filter>Source Files</Filter>
    </ClCompile>
    <ClCompile Include="YouTubeChannel.cpp">
      <Filter>Source Files</Filter>
    </ClCompile>
    <ClCompile Include="Circle.cpp">
      <Filter>Source Files</Filter>
    </ClCompile>
    <ClCompile Include="main_circle.cpp">
      <Filter>Source Files</Filter>
    </ClCompile>
    <ClCompile Include="MinMax.cpp">
      <Filter>Source Files</Filter>
    </ClCompile>
    <ClCompile Include="main_sandbox.cpp">
      <Filter>Source Files</Filter>
    </ClCompile>
    <ClCompile Include="Shape.cpp">
      <Filter>Source Files</Filter>
    </ClCompile>
    <ClCompile Include="Base.cpp">
      <Filter>Source Files</Filter>
    </ClCompile>
    <ClCompile Include="Derived.cpp">
      <Filter>Source Files</Filter>
    </ClCompile>
    <ClCompile Include="A.cpp">
      <Filter>Source Files</Filter>
    </ClCompile>
    <ClCompile Include="B.cpp">
      <Filter>Source Files</Filter>
    </ClCompile>
    <ClCompile Include="Area.cpp">
      <Filter>Source Files</Filter>
    </ClCompile>
    <ClCompile Include="Perimeter.cpp">
      <Filter>Source Files</Filter>
    </ClCompile>
    <ClCompile Include="Rectangle.cpp">
      <Filter>Source Files</Filter>
    </ClCompile>
    <ClCompile Include="User.cpp">
      <Filter>Source Files</Filter>
    </ClCompile>
    <ClCompile Include="Superuser.cpp">
      <Filter>Source Files</Filter>
    </ClCompile>
    <ClCompile Include="C.cpp">
      <Filter>Source Files</Filter>
    </ClCompile>
    <ClCompile Include="BB.cpp">
      <Filter>Source Files</Filter>
    </ClCompile>
    <ClCompile Include="D.cpp">
      <Filter>Source Files</Filter>
    </ClCompile>
    <ClCompile Include="E.cpp">
      <Filter>Source Files</Filter>
    </ClCompile>
    <ClCompile Include="F.cpp">
      <Filter>Source Files</Filter>
    </ClCompile>
    <ClCompile Include="G.cpp">
      <Filter>Source Files</Filter>
    </ClCompile>
    <ClCompile Include="CC.cpp">
      <Filter>Source Files</Filter>
    </ClCompile>
    <ClCompile Include="top.cpp">
      <Filter>Source Files</Filter>
    </ClCompile>
    <ClCompile Include="middle.cpp">
      <Filter>Source Files</Filter>
    </ClCompile>
    <ClCompile Include="bottom.cpp">
      <Filter>Source Files</Filter>
    </ClCompile>
    <ClCompile Include="Vector.cpp">
      <Filter>Source Files</Filter>
    </ClCompile>
    <ClCompile Include="Tricycle.cpp">
      <Filter>Source Files</Filter>
    </ClCompile>
  </ItemGroup>
  <ItemGroup>
    <ClInclude Include="YouTubeChannel.h">
      <Filter>Header Files</Filter>
    </ClInclude>
    <ClInclude Include="Circle.h">
      <Filter>Header Files</Filter>
    </ClInclude>
    <ClInclude Include="MinMax.h">
      <Filter>Header Files</Filter>
    </ClInclude>
    <ClInclude Include="Line.h">
      <Filter>Header Files</Filter>
    </ClInclude>
    <ClInclude Include="Shape.h">
      <Filter>Header Files</Filter>
    </ClInclude>
    <ClInclude Include="Base.h">
      <Filter>Header Files</Filter>
    </ClInclude>
    <ClInclude Include="Derived.h">
      <Filter>Header Files</Filter>
    </ClInclude>
    <ClInclude Include="A.h">
      <Filter>Header Files</Filter>
    </ClInclude>
    <ClInclude Include="B.h">
      <Filter>Header Files</Filter>
    </ClInclude>
    <ClInclude Include="Area.h">
      <Filter>Header Files</Filter>
    </ClInclude>
    <ClInclude Include="Perimeter.h">
      <Filter>Header Files</Filter>
    </ClInclude>
    <ClInclude Include="Rectangle.h">
      <Filter>Header Files</Filter>
    </ClInclude>
    <ClInclude Include="User.h">
      <Filter>Header Files</Filter>
    </ClInclude>
    <ClInclude Include="Superuser.h">
      <Filter>Header Files</Filter>
    </ClInclude>
    <ClInclude Include="C.h">
      <Filter>Header Files</Filter>
    </ClInclude>
    <ClInclude Include="BB.h">
      <Filter>Header Files</Filter>
    </ClInclude>
    <ClInclude Include="D.h">
      <Filter>Header Files</Filter>
    </ClInclude>
    <ClInclude Include="E.h">
      <Filter>Header Files</Filter>
    </ClInclude>
    <ClInclude Include="F.h">
      <Filter>Header Files</Filter>
    </ClInclude>
    <ClInclude Include="G.h">
      <Filter>Header Files</Filter>
    </ClInclude>
    <ClInclude Include="CC.h">
      <Filter>Header Files</Filter>
    </ClInclude>
    <ClInclude Include="top.h">
      <Filter>Header Files</Filter>
    </ClInclude>
    <ClInclude Include="middle.h">
      <Filter>Header Files</Filter>
    </ClInclude>
    <ClInclude Include="bottom.h">
      <Filter>Header Files</Filter>
    </ClInclude>
    <ClInclude Include="Vector.h">
      <Filter>Header Files</Filter>
    </ClInclude>
    <ClInclude Include="Tricycle.h">
      <Filter>Header Files</Filter>
    </ClInclude>
  </ItemGroup>
</Project>